
Microsoft Visual Studio Solution File, Format Version 12.00
# Visual Studio Version 17
VisualStudioVersion = 17.8.34525.116
MinimumVisualStudioVersion = 10.0.40219.1
Project("{2150E333-8FDC-42A3-9474-1A3956D46DE8}") = "Microservices", "Microservices", "{E2D51726-4C15-4D79-8BC8-766E68FA799B}"
EndProject
Project("{2150E333-8FDC-42A3-9474-1A3956D46DE8}") = "Gateways", "Gateways", "{34E1D68C-8F52-43A1-BD70-99FE8133EA9F}"
EndProject
Project("{2150E333-8FDC-42A3-9474-1A3956D46DE8}") = "Core", "Core", "{E6AED75A-047F-4925-8314-24536F7ACDA4}"
EndProject
Project("{2150E333-8FDC-42A3-9474-1A3956D46DE8}") = "PatientManagement", "PatientManagement", "{532EAC13-9468-46C5-A2B0-B48B919D2EE8}"
EndProject
Project("{9A19103F-16F7-4668-BE54-9A1E7A4F7556}") = "PatientManagement.Api", "PatientManagement.Api\PatientManagement.Api.csproj", "{BE4C3DEA-B1DA-4CF8-A289-F3E289D4C9A1}"
EndProject
Project("{9A19103F-16F7-4668-BE54-9A1E7A4F7556}") = "PatientManagement.BlazorApp", "PatientManagement.BlazorApp\PatientManagement.BlazorApp\PatientManagement.BlazorApp.csproj", "{CBEDD4C2-D9D1-4EB2-8556-15433A73F3E3}"
EndProject
Project("{9A19103F-16F7-4668-BE54-9A1E7A4F7556}") = "PatientManagement.BlazorApp.Client", "PatientManagement.BlazorApp\PatientManagement.BlazorApp.Client\PatientManagement.BlazorApp.Client.csproj", "{42F2E4A3-6CE1-40F4-AEAE-213E5B10BFE6}"
EndProject
Project("{9A19103F-16F7-4668-BE54-9A1E7A4F7556}") = "PatientManagement.Data", "PatientManagement.Data\PatientManagement.Data.csproj", "{32692219-CE63-4E38-8FAC-EF897E1CF28F}"
EndProject
Project("{9A19103F-16F7-4668-BE54-9A1E7A4F7556}") = "PatientManagement.Data.MongoDb", "PatientManagement.Data.MongoDb\PatientManagement.Data.MongoDb.csproj", "{59E3BC18-0781-490E-BA39-71F8AD906FAB}"
EndProject
Project("{9A19103F-16F7-4668-BE54-9A1E7A4F7556}") = "PatientManagement.Dtos", "PatientManagement.Dtos\PatientManagement.Dtos.csproj", "{EA3D9F68-9C8A-4C79-B6B4-0938E111761F}"
EndProject
Project("{9A19103F-16F7-4668-BE54-9A1E7A4F7556}") = "PatientManagement.Host", "PatientManagement.Host\PatientManagement.Host.csproj", "{2130C675-4080-473A-A718-D67D1FD5367B}"
EndProject
Project("{9A19103F-16F7-4668-BE54-9A1E7A4F7556}") = "PatientManagement.Host.Tests", "PatientManagement.Host.Tests\PatientManagement.Host.Tests.csproj", "{9582B366-7568-4E85-9B1E-E39EDA1E65B5}"
EndProject
Project("{9A19103F-16F7-4668-BE54-9A1E7A4F7556}") = "PatientManagement.Proxies", "PatientManagement.Proxies\PatientManagement.Proxies.csproj", "{C9297111-B5F5-4A9C-9F97-C9161404DA70}"
EndProject
Project("{9A19103F-16F7-4668-BE54-9A1E7A4F7556}") = "Core.Api", "Core.Api\Core.Api.csproj", "{9492A8EC-7BD6-4785-9D40-5962C92BE1E5}"
EndProject
Project("{9A19103F-16F7-4668-BE54-9A1E7A4F7556}") = "Core.Data", "Core.Data\Core.Data.csproj", "{596572E2-D3AF-4B76-9623-B89D30080456}"
EndProject
Project("{9A19103F-16F7-4668-BE54-9A1E7A4F7556}") = "Core.Data.MongoDb", "Core.Data.MongoDb\Core.Data.MongoDb.csproj", "{6621F9F8-3EC7-493F-A0F9-6C08B0C84F92}"
EndProject
Project("{9A19103F-16F7-4668-BE54-9A1E7A4F7556}") = "Core.Dtos", "Core.Dtos\Core.Dtos.csproj", "{E65E460F-F154-484D-B7C4-01083793648C}"
EndProject
Project("{9A19103F-16F7-4668-BE54-9A1E7A4F7556}") = "Core.Host.Testing", "Core.Host.Testing\Core.Host.Testing.csproj", "{7C60D1DB-52D7-4DCF-AFD8-DC9B9029B0DC}"
EndProject
Project("{9A19103F-16F7-4668-BE54-9A1E7A4F7556}") = "Core.Host.Testing.Api.MongoDb", "Core.Host.Testing.Api.MongoDb\Core.Host.Testing.Api.MongoDb.csproj", "{CE5C2DE4-72E8-4FFB-9967-52981D84B351}"
EndProject
Project("{9A19103F-16F7-4668-BE54-9A1E7A4F7556}") = "Core.Presentation", "Core.Presentation\Core.Presentation.csproj", "{D8343843-4275-45B9-8C65-C6EC3EEE1601}"
EndProject
Project("{9A19103F-16F7-4668-BE54-9A1E7A4F7556}") = "Core.Proxying", "Core.Proxying\Core.Proxying.csproj", "{8EC1B875-F861-40D8-AFE8-C93CFA53294B}"
EndProject
Project("{9A19103F-16F7-4668-BE54-9A1E7A4F7556}") = "BackendGateway.Host", "BackendGateway.Host\BackendGateway.Host.csproj", "{38EBA3A7-D80E-491E-9C46-1D8EEC28619B}"
EndProject
Global
	GlobalSection(SolutionConfigurationPlatforms) = preSolution
		Debug|Any CPU = Debug|Any CPU
		Release|Any CPU = Release|Any CPU
	EndGlobalSection
	GlobalSection(ProjectConfigurationPlatforms) = postSolution
		{BE4C3DEA-B1DA-4CF8-A289-F3E289D4C9A1}.Debug|Any CPU.ActiveCfg = Debug|Any CPU
		{BE4C3DEA-B1DA-4CF8-A289-F3E289D4C9A1}.Debug|Any CPU.Build.0 = Debug|Any CPU
		{BE4C3DEA-B1DA-4CF8-A289-F3E289D4C9A1}.Release|Any CPU.ActiveCfg = Release|Any CPU
		{BE4C3DEA-B1DA-4CF8-A289-F3E289D4C9A1}.Release|Any CPU.Build.0 = Release|Any CPU
		{CBEDD4C2-D9D1-4EB2-8556-15433A73F3E3}.Debug|Any CPU.ActiveCfg = Debug|Any CPU
		{CBEDD4C2-D9D1-4EB2-8556-15433A73F3E3}.Debug|Any CPU.Build.0 = Debug|Any CPU
		{CBEDD4C2-D9D1-4EB2-8556-15433A73F3E3}.Release|Any CPU.ActiveCfg = Release|Any CPU
		{CBEDD4C2-D9D1-4EB2-8556-15433A73F3E3}.Release|Any CPU.Build.0 = Release|Any CPU
		{42F2E4A3-6CE1-40F4-AEAE-213E5B10BFE6}.Debug|Any CPU.ActiveCfg = Debug|Any CPU
		{42F2E4A3-6CE1-40F4-AEAE-213E5B10BFE6}.Debug|Any CPU.Build.0 = Debug|Any CPU
		{42F2E4A3-6CE1-40F4-AEAE-213E5B10BFE6}.Release|Any CPU.ActiveCfg = Release|Any CPU
		{42F2E4A3-6CE1-40F4-AEAE-213E5B10BFE6}.Release|Any CPU.Build.0 = Release|Any CPU
		{32692219-CE63-4E38-8FAC-EF897E1CF28F}.Debug|Any CPU.ActiveCfg = Debug|Any CPU
		{32692219-CE63-4E38-8FAC-EF897E1CF28F}.Debug|Any CPU.Build.0 = Debug|Any CPU
		{32692219-CE63-4E38-8FAC-EF897E1CF28F}.Release|Any CPU.ActiveCfg = Release|Any CPU
		{32692219-CE63-4E38-8FAC-EF897E1CF28F}.Release|Any CPU.Build.0 = Release|Any CPU
		{59E3BC18-0781-490E-BA39-71F8AD906FAB}.Debug|Any CPU.ActiveCfg = Debug|Any CPU
		{59E3BC18-0781-490E-BA39-71F8AD906FAB}.Debug|Any CPU.Build.0 = Debug|Any CPU
		{59E3BC18-0781-490E-BA39-71F8AD906FAB}.Release|Any CPU.ActiveCfg = Release|Any CPU
		{59E3BC18-0781-490E-BA39-71F8AD906FAB}.Release|Any CPU.Build.0 = Release|Any CPU
		{EA3D9F68-9C8A-4C79-B6B4-0938E111761F}.Debug|Any CPU.ActiveCfg = Debug|Any CPU
		{EA3D9F68-9C8A-4C79-B6B4-0938E111761F}.Debug|Any CPU.Build.0 = Debug|Any CPU
		{EA3D9F68-9C8A-4C79-B6B4-0938E111761F}.Release|Any CPU.ActiveCfg = Release|Any CPU
		{EA3D9F68-9C8A-4C79-B6B4-0938E111761F}.Release|Any CPU.Build.0 = Release|Any CPU
		{2130C675-4080-473A-A718-D67D1FD5367B}.Debug|Any CPU.ActiveCfg = Debug|Any CPU
		{2130C675-4080-473A-A718-D67D1FD5367B}.Debug|Any CPU.Build.0 = Debug|Any CPU
		{2130C675-4080-473A-A718-D67D1FD5367B}.Release|Any CPU.ActiveCfg = Release|Any CPU
		{2130C675-4080-473A-A718-D67D1FD5367B}.Release|Any CPU.Build.0 = Release|Any CPU
		{9582B366-7568-4E85-9B1E-E39EDA1E65B5}.Debug|Any CPU.ActiveCfg = Debug|Any CPU
		{9582B366-7568-4E85-9B1E-E39EDA1E65B5}.Debug|Any CPU.Build.0 = Debug|Any CPU
		{9582B366-7568-4E85-9B1E-E39EDA1E65B5}.Release|Any CPU.ActiveCfg = Release|Any CPU
		{9582B366-7568-4E85-9B1E-E39EDA1E65B5}.Release|Any CPU.Build.0 = Release|Any CPU
		{C9297111-B5F5-4A9C-9F97-C9161404DA70}.Debug|Any CPU.ActiveCfg = Debug|Any CPU
		{C9297111-B5F5-4A9C-9F97-C9161404DA70}.Debug|Any CPU.Build.0 = Debug|Any CPU
		{C9297111-B5F5-4A9C-9F97-C9161404DA70}.Release|Any CPU.ActiveCfg = Release|Any CPU
		{C9297111-B5F5-4A9C-9F97-C9161404DA70}.Release|Any CPU.Build.0 = Release|Any CPU
		{9492A8EC-7BD6-4785-9D40-5962C92BE1E5}.Debug|Any CPU.ActiveCfg = Debug|Any CPU
		{9492A8EC-7BD6-4785-9D40-5962C92BE1E5}.Debug|Any CPU.Build.0 = Debug|Any CPU
		{9492A8EC-7BD6-4785-9D40-5962C92BE1E5}.Release|Any CPU.ActiveCfg = Release|Any CPU
		{9492A8EC-7BD6-4785-9D40-5962C92BE1E5}.Release|Any CPU.Build.0 = Release|Any CPU
		{596572E2-D3AF-4B76-9623-B89D30080456}.Debug|Any CPU.ActiveCfg = Debug|Any CPU
		{596572E2-D3AF-4B76-9623-B89D30080456}.Debug|Any CPU.Build.0 = Debug|Any CPU
		{596572E2-D3AF-4B76-9623-B89D30080456}.Release|Any CPU.ActiveCfg = Release|Any CPU
		{596572E2-D3AF-4B76-9623-B89D30080456}.Release|Any CPU.Build.0 = Release|Any CPU
		{6621F9F8-3EC7-493F-A0F9-6C08B0C84F92}.Debug|Any CPU.ActiveCfg = Debug|Any CPU
		{6621F9F8-3EC7-493F-A0F9-6C08B0C84F92}.Debug|Any CPU.Build.0 = Debug|Any CPU
		{6621F9F8-3EC7-493F-A0F9-6C08B0C84F92}.Release|Any CPU.ActiveCfg = Release|Any CPU
		{6621F9F8-3EC7-493F-A0F9-6C08B0C84F92}.Release|Any CPU.Build.0 = Release|Any CPU
		{E65E460F-F154-484D-B7C4-01083793648C}.Debug|Any CPU.ActiveCfg = Debug|Any CPU
		{E65E460F-F154-484D-B7C4-01083793648C}.Debug|Any CPU.Build.0 = Debug|Any CPU
		{E65E460F-F154-484D-B7C4-01083793648C}.Release|Any CPU.ActiveCfg = Release|Any CPU
		{E65E460F-F154-484D-B7C4-01083793648C}.Release|Any CPU.Build.0 = Release|Any CPU
		{7C60D1DB-52D7-4DCF-AFD8-DC9B9029B0DC}.Debug|Any CPU.ActiveCfg = Debug|Any CPU
		{7C60D1DB-52D7-4DCF-AFD8-DC9B9029B0DC}.Debug|Any CPU.Build.0 = Debug|Any CPU
		{7C60D1DB-52D7-4DCF-AFD8-DC9B9029B0DC}.Release|Any CPU.ActiveCfg = Release|Any CPU
		{7C60D1DB-52D7-4DCF-AFD8-DC9B9029B0DC}.Release|Any CPU.Build.0 = Release|Any CPU
		{CE5C2DE4-72E8-4FFB-9967-52981D84B351}.Debug|Any CPU.ActiveCfg = Debug|Any CPU
		{CE5C2DE4-72E8-4FFB-9967-52981D84B351}.Debug|Any CPU.Build.0 = Debug|Any CPU
		{CE5C2DE4-72E8-4FFB-9967-52981D84B351}.Release|Any CPU.ActiveCfg = Release|Any CPU
		{CE5C2DE4-72E8-4FFB-9967-52981D84B351}.Release|Any CPU.Build.0 = Release|Any CPU
		{D8343843-4275-45B9-8C65-C6EC3EEE1601}.Debug|Any CPU.ActiveCfg = Debug|Any CPU
		{D8343843-4275-45B9-8C65-C6EC3EEE1601}.Debug|Any CPU.Build.0 = Debug|Any CPU
		{D8343843-4275-45B9-8C65-C6EC3EEE1601}.Release|Any CPU.ActiveCfg = Release|Any CPU
		{D8343843-4275-45B9-8C65-C6EC3EEE1601}.Release|Any CPU.Build.0 = Release|Any CPU
		{8EC1B875-F861-40D8-AFE8-C93CFA53294B}.Debug|Any CPU.ActiveCfg = Debug|Any CPU
		{8EC1B875-F861-40D8-AFE8-C93CFA53294B}.Debug|Any CPU.Build.0 = Debug|Any CPU
		{8EC1B875-F861-40D8-AFE8-C93CFA53294B}.Release|Any CPU.ActiveCfg = Release|Any CPU
		{8EC1B875-F861-40D8-AFE8-C93CFA53294B}.Release|Any CPU.Build.0 = Release|Any CPU
		{38EBA3A7-D80E-491E-9C46-1D8EEC28619B}.Debug|Any CPU.ActiveCfg = Debug|Any CPU
		{38EBA3A7-D80E-491E-9C46-1D8EEC28619B}.Debug|Any CPU.Build.0 = Debug|Any CPU
		{38EBA3A7-D80E-491E-9C46-1D8EEC28619B}.Release|Any CPU.ActiveCfg = Release|Any CPU
		{38EBA3A7-D80E-491E-9C46-1D8EEC28619B}.Release|Any CPU.Build.0 = Release|Any CPU
	EndGlobalSection
	GlobalSection(SolutionProperties) = preSolution
		HideSolutionNode = FALSE
	EndGlobalSection
	GlobalSection(NestedProjects) = preSolution
		{532EAC13-9468-46C5-A2B0-B48B919D2EE8} = {E2D51726-4C15-4D79-8BC8-766E68FA799B}
		{BE4C3DEA-B1DA-4CF8-A289-F3E289D4C9A1} = {532EAC13-9468-46C5-A2B0-B48B919D2EE8}
		{CBEDD4C2-D9D1-4EB2-8556-15433A73F3E3} = {532EAC13-9468-46C5-A2B0-B48B919D2EE8}
		{42F2E4A3-6CE1-40F4-AEAE-213E5B10BFE6} = {532EAC13-9468-46C5-A2B0-B48B919D2EE8}
		{32692219-CE63-4E38-8FAC-EF897E1CF28F} = {532EAC13-9468-46C5-A2B0-B48B919D2EE8}
		{59E3BC18-0781-490E-BA39-71F8AD906FAB} = {532EAC13-9468-46C5-A2B0-B48B919D2EE8}
		{EA3D9F68-9C8A-4C79-B6B4-0938E111761F} = {532EAC13-9468-46C5-A2B0-B48B919D2EE8}
		{2130C675-4080-473A-A718-D67D1FD5367B} = {532EAC13-9468-46C5-A2B0-B48B919D2EE8}
		{9582B366-7568-4E85-9B1E-E39EDA1E65B5} = {532EAC13-9468-46C5-A2B0-B48B919D2EE8}
		{C9297111-B5F5-4A9C-9F97-C9161404DA70} = {532EAC13-9468-46C5-A2B0-B48B919D2EE8}
		{9492A8EC-7BD6-4785-9D40-5962C92BE1E5} = {E6AED75A-047F-4925-8314-24536F7ACDA4}
		{596572E2-D3AF-4B76-9623-B89D30080456} = {E6AED75A-047F-4925-8314-24536F7ACDA4}
		{6621F9F8-3EC7-493F-A0F9-6C08B0C84F92} = {E6AED75A-047F-4925-8314-24536F7ACDA4}
		{E65E460F-F154-484D-B7C4-01083793648C} = {E6AED75A-047F-4925-8314-24536F7ACDA4}
		{7C60D1DB-52D7-4DCF-AFD8-DC9B9029B0DC} = {E6AED75A-047F-4925-8314-24536F7ACDA4}
		{CE5C2DE4-72E8-4FFB-9967-52981D84B351} = {E6AED75A-047F-4925-8314-24536F7ACDA4}
		{D8343843-4275-45B9-8C65-C6EC3EEE1601} = {E6AED75A-047F-4925-8314-24536F7ACDA4}
		{8EC1B875-F861-40D8-AFE8-C93CFA53294B} = {E6AED75A-047F-4925-8314-24536F7ACDA4}
		{38EBA3A7-D80E-491E-9C46-1D8EEC28619B} = {34E1D68C-8F52-43A1-BD70-99FE8133EA9F}
	EndGlobalSection
	GlobalSection(ExtensibilityGlobals) = postSolution
		SolutionGuid = {63DD9C4F-E1B5-4454-813E-0EE7F1853517}
	EndGlobalSection
EndGlobal
